
Microsoft Visual Studio Solution File, Format Version 12.00
# Visual Studio Version 17
VisualStudioVersion = 17.4.33122.133
MinimumVisualStudioVersion = 10.0.40219.1
Project("{FAE04EC0-301F-11D3-BF4B-00C04F79EFBC}") = "CourseLibrary.API", "CourseLibrary.API\CourseLibrary.API.csproj", "{04AC50BE-7591-4B8F-A226-2B904CA9218A}"
EndProject
Global
	GlobalSection(SolutionConfigurationPlatforms) = preSolution
		Debug|Any CPU = Debug|Any CPU
		Release|Any CPU = Release|Any CPU
	EndGlobalSection
	GlobalSection(ProjectConfigurationPlatforms) = postSolution
		{04AC50BE-7591-4B8F-A226-2B904CA9218A}.Debug|Any CPU.ActiveCfg = Debug|Any CPU
		{04AC50BE-7591-4B8F-A226-2B904CA9218A}.Debug|Any CPU.Build.0 = Debug|Any CPU
		{04AC50BE-7591-4B8F-A226-2B904CA9218A}.Release|Any CPU.ActiveCfg = Release|Any CPU
		{04AC50BE-7591-4B8F-A226-2B904CA9218A}.Release|Any CPU.Build.0 = Release|Any CPU
	EndGlobalSection
	GlobalSection(SolutionProperties) = preSolution
		HideSolutionNode = FALSE
	EndGlobalSection
	GlobalSection(ExtensibilityGlobals) = postSolution
		SolutionGuid = {2AECFFAB-42A2-4A90-A173-7BFF16E1C52B}
	EndGlobalSection
EndGlobal
